
Microsoft Visual Studio Solution File, Format Version 12.00
# Visual Studio Version 17
VisualStudioVersion = 17.9.34728.123
MinimumVisualStudioVersion = 10.0.40219.1
Project("{FAE04EC0-301F-11D3-BF4B-00C04F79EFBC}") = "Reginald Madlalisa Portfolio", "Reginald Madlalisa Portfolio\Reginald Madlalisa Portfolio.csproj", "{50ADE614-E3A2-44A2-A3EA-DE857CCECDDE}"
EndProject
Global
	GlobalSection(SolutionConfigurationPlatforms) = preSolution
		Debug|Any CPU = Debug|Any CPU
		Release|Any CPU = Release|Any CPU
	EndGlobalSection
	GlobalSection(ProjectConfigurationPlatforms) = postSolution
		{50ADE614-E3A2-44A2-A3EA-DE857CCECDDE}.Debug|Any CPU.ActiveCfg = Debug|Any CPU
		{50ADE614-E3A2-44A2-A3EA-DE857CCECDDE}.Debug|Any CPU.Build.0 = Debug|Any CPU
		{50ADE614-E3A2-44A2-A3EA-DE857CCECDDE}.Release|Any CPU.ActiveCfg = Release|Any CPU
		{50ADE614-E3A2-44A2-A3EA-DE857CCECDDE}.Release|Any CPU.Build.0 = Release|Any CPU
	EndGlobalSection
	GlobalSection(SolutionProperties) = preSolution
		HideSolutionNode = FALSE
	EndGlobalSection
	GlobalSection(ExtensibilityGlobals) = postSolution
		SolutionGuid = {B7B1D787-9512-4969-B9D7-00A878BF07AE}
	EndGlobalSection
EndGlobal
